
Microsoft Visual Studio Solution File, Format Version 12.00
# Visual Studio Version 16
VisualStudioVersion = 16.0.29001.49
MinimumVisualStudioVersion = 10.0.40219.1
Project("{FAE04EC0-301F-11D3-BF4B-00C04F79EFBC}") = "DipSwdAlgorithms", "DipSwdAlgorithms\DipSwdAlgorithms.csproj", "{8D08C29C-CDE7-41D6-BD47-989720772A1F}"
EndProject
Global
	GlobalSection(SolutionConfigurationPlatforms) = preSolution
		Debug|Any CPU = Debug|Any CPU
		Release|Any CPU = Release|Any CPU
	EndGlobalSection
	GlobalSection(ProjectConfigurationPlatforms) = postSolution
		{8D08C29C-CDE7-41D6-BD47-989720772A1F}.Debug|Any CPU.ActiveCfg = Debug|Any CPU
		{8D08C29C-CDE7-41D6-BD47-989720772A1F}.Debug|Any CPU.Build.0 = Debug|Any CPU
		{8D08C29C-CDE7-41D6-BD47-989720772A1F}.Release|Any CPU.ActiveCfg = Release|Any CPU
		{8D08C29C-CDE7-41D6-BD47-989720772A1F}.Release|Any CPU.Build.0 = Release|Any CPU
	EndGlobalSection
	GlobalSection(SolutionProperties) = preSolution
		HideSolutionNode = FALSE
	EndGlobalSection
	GlobalSection(ExtensibilityGlobals) = postSolution
		SolutionGuid = {035A8118-C6D4-4CAF-BBFB-0B400B5A0535}
	EndGlobalSection
EndGlobal
